
Microsoft Visual Studio Solution File, Format Version 12.00
# Visual Studio 2012
Project("{FAE04EC0-301F-11D3-BF4B-00C04F79EFBC}") = "MrSale", "MrSale\MrSale.csproj", "{C178F481-2D0C-4821-9660-75CF3A0EDD16}"
EndProject
Project("{FAE04EC0-301F-11D3-BF4B-00C04F79EFBC}") = "pbar.cs", "pbar.cs\pbar.cs.csproj", "{EB4364C8-73F3-485B-9662-D8682AE119EB}"
EndProject
Project("{FAE04EC0-301F-11D3-BF4B-00C04F79EFBC}") = "Printing", "Printing\Printing.csproj", "{4D590C3A-73ED-4812-A8AE-9DCE0606F437}"
EndProject
Global
	GlobalSection(SolutionConfigurationPlatforms) = preSolution
		Debug|Any CPU = Debug|Any CPU
		Release|Any CPU = Release|Any CPU
	EndGlobalSection
	GlobalSection(ProjectConfigurationPlatforms) = postSolution
		{C178F481-2D0C-4821-9660-75CF3A0EDD16}.Debug|Any CPU.ActiveCfg = Debug|Any CPU
		{C178F481-2D0C-4821-9660-75CF3A0EDD16}.Debug|Any CPU.Build.0 = Debug|Any CPU
		{C178F481-2D0C-4821-9660-75CF3A0EDD16}.Release|Any CPU.ActiveCfg = Release|Any CPU
		{C178F481-2D0C-4821-9660-75CF3A0EDD16}.Release|Any CPU.Build.0 = Release|Any CPU
		{EB4364C8-73F3-485B-9662-D8682AE119EB}.Debug|Any CPU.ActiveCfg = Debug|Any CPU
		{EB4364C8-73F3-485B-9662-D8682AE119EB}.Debug|Any CPU.Build.0 = Debug|Any CPU
		{EB4364C8-73F3-485B-9662-D8682AE119EB}.Release|Any CPU.ActiveCfg = Release|Any CPU
		{EB4364C8-73F3-485B-9662-D8682AE119EB}.Release|Any CPU.Build.0 = Release|Any CPU
		{4D590C3A-73ED-4812-A8AE-9DCE0606F437}.Debug|Any CPU.ActiveCfg = Debug|Any CPU
		{4D590C3A-73ED-4812-A8AE-9DCE0606F437}.Debug|Any CPU.Build.0 = Debug|Any CPU
		{4D590C3A-73ED-4812-A8AE-9DCE0606F437}.Release|Any CPU.ActiveCfg = Release|Any CPU
		{4D590C3A-73ED-4812-A8AE-9DCE0606F437}.Release|Any CPU.Build.0 = Release|Any CPU
	EndGlobalSection
	GlobalSection(SolutionProperties) = preSolution
		HideSolutionNode = FALSE
	EndGlobalSection
EndGlobal
